# This file is automatically @generated by Poetry 2.3.1 and should not be changed by hand.

[[package]]
name = "colorama"
version = "0.4.6"
description = "Cross-platform colored terminal text."
optional = false
python-versions = "!=3.0.*,!=3.1.*,!=3.2.*,!=3.3.*,!=3.4.*,!=3.5.*,!=3.6.*,>=2.7"
groups = ["dev"]
markers = "sys_platform == \"win32\""
files = [
    {file = "colorama-0.4.6-py2.py3-none-any.whl", hash = "sha256:4f1d9991f5acc0ca119f9d443620b77f9d6b33703e51011c16baf57afb285fc6"},
    {file = "colorama-0.4.6.tar.gz", hash = "sha256:08695f5cb7ed6e0531a20572697297273c47b8cae5a63ffc6d6ed5c201be6e44"},
]

[[package]]
name = "dearpygui"
version = "1.11.1"
description = "DearPyGui: A simple Python GUI Toolkit"
optional = false
python-versions = ">=3.7"
groups = ["main"]
files = [
    {file = "dearpygui-1.11.1-cp310-cp310-macosx_10_6_x86_64.whl", hash = "sha256:b668f28aab63d8ad0b2768add4e689bedb7480e8c3390edcce7a0f5d296fd61f"},
    {file = "dearpygui-1.11.1-cp310-cp310-macosx_13_0_arm64.whl", hash = "sha256:39d099b1ca97fd7d36934a5187fc4cd868d4772e504290a70fc95eda03c5125d"},
    {file = "dearpygui-1.11.1-cp310-cp310-manylinux1_x86_64.whl", hash = "sha256:3ba12334d993b653df2d07fe34c93c4ec65e54c022066ba245cd596a18b43a68"},
    {file = "dearpygui-1.11.1-cp310-cp310-win_amd64.whl", hash = "sha256:6cf4c44db1f016ff3eab367f7bde7f169bad5f2f90b974c202808112a69a2b15"},
    {file = "dearpygui-1.11.1-cp311-cp311-macosx_10_6_x86_64.whl", hash = "sha256:cc15cd13c1aeae2847ed9c4b2201169add3efdedf564eb706f5b5896ddaa5d8a"},
    {file = "dearpygui-1.11.1-cp311-cp311-macosx_13_0_arm64.whl", hash = "sha256:9eb7d581863d39543b213252041ed25856acbfa58c57291e6acb6ccbf0c2727b"},
    {file = "dearpygui-1.11.1-cp311-cp311-manylinux1_x86_64.whl", hash = "sha256:564ff3af657f7becd059b6611e162cc9cd8148befaf8aadb10e4fb76d57df3ef"},
    {file = "dearpygui-1.11.1-cp311-cp311-win_amd64.whl", hash = "sha256:ac6e9bde61dcb3cc253da59e70fe2b743d3c3b5791d415eaa8d307f4517048ca"},
    {file = "dearpygui-1.11.1-cp312-cp312-macosx_10_6_x86_64.whl", hash = "sha256:ccf576117ed2159cd66b419458d060923c9dcebe7fe57c65b4f4c4889287845d"},
    {file = "dearpygui-1.11.1-cp312-cp312-macosx_13_0_arm64.whl", hash = "sha256:1d632e1acdaa986a8c32b57112b84685b92d9a41f18580e14d463d7ed7a52673"},
    {file = "dearpygui-1.11.1-cp312-cp312-manylinux1_x86_64.whl", hash = "sha256:ca4f7ba667f64ee682dfcb3399d9d43df6821b2d962b96b4fa4535de5776f538"},
    {file = "dearpygui-1.11.1-cp312-cp312-win_amd64.whl", hash = "sha256:8ce9881a629de72e05ca8b1ce7cefcdd77b624eb7eba6f7d6629848d84a797f6"},
    {file = "dearpygui-1.11.1-cp38-cp38-macosx_10_6_x86_64.whl", hash = "sha256:39011ccb3a3ecfe3ebccfd8c4211c2c1446abd2865cbe4ccb67dc50a7a812bfb"},
    {file = "dearpygui-1.11.1-cp38-cp38-manylinux1_x86_64.whl", hash = "sha256:e1dde63d20ac062530debee001ad649190a7e09622762601454c4191799f13b8"},
    {file = "dearpygui-1.11.1-cp38-cp38-win_amd64.whl", hash = "sha256:23ce7ce8e5ba24d31bd6468cc43b56f8f257ace4dce3bc5fe449c546c340893a"},
    {file = "dearpygui-1.11.1-cp39-cp39-macosx_10_6_x86_64.whl", hash = "sha256:d22285f9a5f1377d87effd1f27020eec3ae0386f7c15a4893809909b82c62b1b"},
    {file = "dearpygui-1.11.1-cp39-cp39-manylinux1_x86_64.whl", hash = "sha256:f632bd94772e00313d0956bb9f9822c3ebcb7aa93f135f09e2fa187f3b06cea8"},
    {file = "dearpygui-1.11.1-cp39-cp39-win_amd64.whl", hash = "sha256:0c7c4849bc674e825750be69ee480450c3589c7d159955032776aaef5e7fda58"},
]

[[package]]
name = "iniconfig"
version = "2.3.0"
description = "brain-dead simple config-ini parsing"
optional = false
python-versions = ">=3.10"
groups = ["dev"]
files = [
    {file = "iniconfig-2.3.0-py3-none-any.whl", hash = "sha256:f631c04d2c48c52b84d0d0549c99ff3859c98df65b3101406327ecc7d53fbf12"},
    {file = "iniconfig-2.3.0.tar.gz", hash = "sha256:c76315c77db068650d49c5b56314774a7804df16fee4402c1f19d6d15d8c4730"},
]

[[package]]
name = "packaging"
version = "26.0"
description = "Core utilities for Python packages"
optional = false
python-versions = ">=3.8"
groups = ["dev"]
files = [
    {file = "packaging-26.0-py3-none-any.whl", hash = "sha256:b36f1fef9334a5588b4166f8bcd26a14e521f2b55e6b9de3aaa80d3ff7a37529"},
    {file = "packaging-26.0.tar.gz", hash = "sha256:00243ae351a257117b6a241061796684b084ed1c516a08c48a3f7e147a9d80b4"},
]

[[package]]
name = "pluggy"
version = "1.6.0"
description = "plugin and hook calling mechanisms for python"
optional = false
python-versions = ">=3.9"
groups = ["dev"]
files = [
    {file = "pluggy-1.6.0-py3-none-any.whl", hash = "sha256:e920276dd6813095e9377c0bc5566d94c932c33b27a3e3945d8389c374dd4746"},
    {file = "pluggy-1.6.0.tar.gz", hash = "sha256:7dcc130b76258d33b90f61b658791dede3486c3e6bfb003ee5c9bfb396dd22f3"},
]

[package.extras]
dev = ["pre-commit", "tox"]
testing = ["coverage", "pytest", "pytest-benchmark"]

[[package]]
name = "pygments"
version = "2.19.2"
description = "Pygments is a syntax highlighting package written in Python."
optional = false
python-versions = ">=3.8"
groups = ["dev"]
files = [
    {file = "pygments-2.19.2-py3-none-any.whl", hash = "sha256:86540386c03d588bb81d44bc3928634ff26449851e99741617ecb9037ee5ec0b"},
    {file = "pygments-2.19.2.tar.gz", hash = "sha256:636cb2477cec7f8952536970bc533bc43743542f70392ae026374600add5b887"},
]

[package.extras]
windows-terminal = ["colorama (>=0.4.6)"]

[[package]]
name = "pyserial"
version = "3.5"
description = "Python Serial Port Extension"
optional = false
python-versions = "*"
groups = ["main"]
files = [
    {file = "pyserial-3.5-py2.py3-none-any.whl", hash = "sha256:c4451db6ba391ca6ca299fb3ec7bae67a5c55dde170964c7a14ceefec02f2cf0"},
    {file = "pyserial-3.5.tar.gz", hash = "sha256:3c77e014170dfffbd816e6ffc205e9842efb10be9f58ec16d3e8675b4925cddb"},
]

[package.extras]
cp2110 = ["hidapi"]

[[package]]
name = "pytest"
version = "9.0.2"
description = "pytest: simple powerful testing with Python"
optional = false
python-versions = ">=3.10"
groups = ["dev"]
files = [
    {file = "pytest-9.0.2-py3-none-any.whl", hash = "sha256:711ffd45bf766d5264d487b917733b453d917afd2b0ad65223959f59089f875b"},
    {file = "pytest-9.0.2.tar.gz", hash = "sha256:75186651a92bd89611d1d9fc20f0b4345fd827c41ccd5c299a868a05d70edf11"},
]

[package.dependencies]
colorama = {version = ">=0.4", markers = "sys_platform == \"win32\""}
iniconfig = ">=1.0.1"
packaging = ">=22"
pluggy = ">=1.5,<2"
pygments = ">=2.7.2"

[package.extras]
dev = ["argcomplete", "attrs (>=19.2)", "hypothesis (>=3.56)", "mock", "requests", "setuptools", "xmlschema"]

[metadata]
lock-version = "2.1"
python-versions = "^3.12"
content-hash = "425997d8dc259aa2a18ffeee248a354c7cd382750f9d6d21f8bd55969e4d473a"
